// !$*UTF8*$!
{
	archiveVersion = 1;
	classes = {
	};
	objectVersion = 56;
	objects = {

/* Begin PBXBuildFile section */
		050AE07D9F0290A9C9B59841 /* CommitmentTracker.swift in Sources */ = {isa = PBXBuildFile; fileRef = 408098289A40C753C412475A /* CommitmentTracker.swift */; };
		0ACC5F34C57FEAFED5D7DF30 /* DecisionArchaeologist.swift in Sources */ = {isa = PBXBuildFile; fileRef = 747630C04E4FCF77DDE62867 /* DecisionArchaeologist.swift */; };
		162EA02AA9581D8F680F992B /* TinyChatEmbeddingProvider.swift in Sources */ = {isa = PBXBuildFile; fileRef = D49684E8221083E6F0CE2A0E /* TinyChatEmbeddingProvider.swift */; };
		1942BFFDFA2C0B4763E1877F /* AttachmentExtractor.swift in Sources */ = {isa = PBXBuildFile; fileRef = A1B95B6F9F2A4E187B5EF2C4 /* AttachmentExtractor.swift */; };
		29A4A2C7786A5F418C391848 /* RelationshipMapper.swift in Sources */ = {isa = PBXBuildFile; fileRef = D5B3C2D9205F703C1F972B28 /* RelationshipMapper.swift */; };
		31B32F335F40F33687FCD270 /* OpenWebUIEmbeddingProvider.swift in Sources */ = {isa = PBXBuildFile; fileRef = 079E96CC45CDE63932C5618D /* OpenWebUIEmbeddingProvider.swift */; };
		35623238323635642D613432662D343039662D623365342D /* AI/OllamaClient.swift in Sources */ = {isa = PBXBuildFile; fileRef = 38316534653438322D383937622D343030322D626162642D /* AI/OllamaClient.swift */; };
		36336134366232392D636337322D343030352D616562332D /* AI/AIBackendManager.swift in Sources */ = {isa = PBXBuildFile; fileRef = 36613561333466622D393563312D343432662D626339392D /* AI/AIBackendManager.swift */; };
		3BC9DEE2E30560C9AF780FB7 /* AtomicFragment.swift in Sources */ = {isa = PBXBuildFile; fileRef = AC1D23BF3DDCB135FBB559BB /* AtomicFragment.swift */; };
		3E4788AFC7EA7101FEC886D5 /* ConversationManager.swift in Sources */ = {isa = PBXBuildFile; fileRef = D01A68F1AFCB3C03DB4465E1 /* ConversationManager.swift */; };
		407D8FA1382453A44BCBE142 /* AI/FoundationModels/CitedAnswer.swift in Sources */ = {isa = PBXBuildFile; fileRef = F051313E92889BBD9CDCB801 /* AI/FoundationModels/CitedAnswer.swift */; };
		40CA67B7C070A77BFE166A49 /* AI/Explore/SpeculativeResponse.swift in Sources */ = {isa = PBXBuildFile; fileRef = 3F0939B03915B3473452DCE4 /* AI/Explore/SpeculativeResponse.swift */; };
		42377A21F1A89A0D26188414 /* AI/Explore/HypotheticalExplorer.swift in Sources */ = {isa = PBXBuildFile; fileRef = 577F88E7F9FA3F13649A784B /* AI/Explore/HypotheticalExplorer.swift */; };
		42D9B0A12FC01FEB6241ECD9 /* AI/FoundationModels/EchoLLMEngine.swift in Sources */ = {isa = PBXBuildFile; fileRef = 8AA5F738DDF786068D87A404 /* AI/FoundationModels/EchoLLMEngine.swift */; };
		45448947D205D72AD911DB75 /* Views/ExploreView.swift in Sources */ = {isa = PBXBuildFile; fileRef = 1A6D6C4E189283A97C610D5E /* Views/ExploreView.swift */; };
		61396430326536392D316239382D346637352D386133342D /* AISettingsView.swift in Sources */ = {isa = PBXBuildFile; fileRef = 31636134343139632D346639332D346239352D613261612D /* AISettingsView.swift */; };
		6410B4804DC11F1C4E12AF26 /* AI/LocalLLM.swift in Sources */ = {isa = PBXBuildFile; fileRef = 2610D3EFB2D5D23FD826606E /* AI/LocalLLM.swift */; };
		7243A558D924F0F32CDCCA6F /* AI/Explore/PersonaSimulator.swift in Sources */ = {isa = PBXBuildFile; fileRef = 223369644F197D4DC3394945 /* AI/Explore/PersonaSimulator.swift */; };
		7336AEFE6B1ED83EACCA7299 /* Cocoa.framework in Frameworks */ = {isa = PBXBuildFile; fileRef = 715C422C0916234B2233911C /* Cocoa.framework */; };
		7EC7E7955FB707BAE5BA53F9 /* AI/EmailSummarizer.swift in Sources */ = {isa = PBXBuildFile; fileRef = 4CD59F1BF5CEC75B95A34CBD /* AI/EmailSummarizer.swift */; };
		8238508A80546774B50AD050 /* ConversationView.swift in Sources */ = {isa = PBXBuildFile; fileRef = 33C069D93706A1E5E158C2D2 /* ConversationView.swift */; };
		848B971FABD30CB498F9655A /* SmartSuggestions.swift in Sources */ = {isa = PBXBuildFile; fileRef = 3B07F30ECCC00A122F53B06D /* SmartSuggestions.swift */; };
		8C5D0179E7B34164E371A337 /* MBox_ExplorerTests.swift in Sources */ = {isa = PBXBuildFile; fileRef = 9E193CEF63B5CDA85E716A1C /* MBox_ExplorerTests.swift */; };
		8FBC74D4C0911513AFD780F6 /* ConversationModels.swift in Sources */ = {isa = PBXBuildFile; fileRef = D25730EB8C5F369113033564 /* ConversationModels.swift */; };
		98B3CC93CD924EE94A3286C5 /* AI/FoundationModels/EndpointLanguageModel.swift in Sources */ = {isa = PBXBuildFile; fileRef = D846C16D1815B09DD20EE9FF /* AI/FoundationModels/EndpointLanguageModel.swift */; };
		994D2A53FF942799F0F8C77A /* AI/FoundationModels/TranscriptChatMapper.swift in Sources */ = {isa = PBXBuildFile; fileRef = 5DD7DE7FCD9BB82633B7A688 /* AI/FoundationModels/TranscriptChatMapper.swift */; };
		9D789864CBC22747C3237435 /* ConversationDatabase.swift in Sources */ = {isa = PBXBuildFile; fileRef = 3CFA614AC3BD8853D16DB6E9 /* ConversationDatabase.swift */; };
		A9149DF9944F63BE246AB2EF /* EmailSearchAgent.swift in Sources */ = {isa = PBXBuildFile; fileRef = 25ACFE0E46E831D381EB3E35 /* EmailSearchAgent.swift */; };
		AAEBEAF5824548F33BE4756C /* ThreadGraph.swift in Sources */ = {isa = PBXBuildFile; fileRef = 831CE551CDE73E24F3F945F0 /* ThreadGraph.swift */; };
		B8EDEE56F4032D22EECD4062 /* ZipExtractor.swift in Sources */ = {isa = PBXBuildFile; fileRef = 458153E6299A968CB6583BCA /* ZipExtractor.swift */; };
		BA654320B8AE457B9A856B6A /* NetworkVisualizationView.swift in Sources */ = {isa = PBXBuildFile; fileRef = 87A17940EE91B4170B99259A /* NetworkVisualizationView.swift */; };
		BD768E39B961495776874418 /* ModernDesign.swift in Sources */ = {isa = PBXBuildFile; fileRef = MD29EAC0C1C9846AF64C0DB3 /* ModernDesign.swift */; };
		BFACFA658F3B7C23FAAFF993 /* AI/FoundationModels/OpenAICompatibleEngine.swift in Sources */ = {isa = PBXBuildFile; fileRef = E2DF1B43B4C4E1D4F74D70C7 /* AI/FoundationModels/OpenAICompatibleEngine.swift */; };
		C00B2C0479D170F97A8D05F4 /* AI/AutoTagger.swift in Sources */ = {isa = PBXBuildFile; fileRef = 9A989BC566E5181DAB386111 /* AI/AutoTagger.swift */; };
		D004E8BD2EB1AA8900304FC0 /* AlertManager.swift in Sources */ = {isa = PBXBuildFile; fileRef = D004E8BC2EB1AA8900304FC0 /* AlertManager.swift */; };
		D004E8C02EB1AAD300304FC0 /* ErrorDetailsView.swift in Sources */ = {isa = PBXBuildFile; fileRef = D004E8BE2EB1AAD300304FC0 /* ErrorDetailsView.swift */; };
		D004E8C12EB1AAD300304FC0 /* ExportPreviewView.swift in Sources */ = {isa = PBXBuildFile; fileRef = D004E8BF2EB1AAD300304FC0 /* ExportPreviewView.swift */; };
		D004E8C32EB1AE3C00304FC0 /* SmartFiltersView.swift in Sources */ = {isa = PBXBuildFile; fileRef = D004E8C22EB1AE3C00304FC0 /* SmartFiltersView.swift */; };
		D004E8C52EB1AE5100304FC0 /* SmartFilters.swift in Sources */ = {isa = PBXBuildFile; fileRef = D004E8C42EB1AE5100304FC0 /* SmartFilters.swift */; };
		D004E8C92EB1B4CC00304FC0 /* CSVExporter.swift in Sources */ = {isa = PBXBuildFile; fileRef = D004E8C62EB1B4CC00304FC0 /* CSVExporter.swift */; };
		D004E8CA2EB1B4CC00304FC0 /* JSONExporter.swift in Sources */ = {isa = PBXBuildFile; fileRef = D004E8C72EB1B4CC00304FC0 /* JSONExporter.swift */; };
		D004E8CB2EB1B4CC00304FC0 /* MarkdownExporter.swift in Sources */ = {isa = PBXBuildFile; fileRef = D004E8C82EB1B4CC00304FC0 /* MarkdownExporter.swift */; };
		D004E8CD2EB1B4E200304FC0 /* WindowStateManager.swift in Sources */ = {isa = PBXBuildFile; fileRef = D004E8CC2EB1B4E200304FC0 /* WindowStateManager.swift */; };
		D07875622EB1B9FB00C75A43 /* KeyboardNavigationModifier.swift in Sources */ = {isa = PBXBuildFile; fileRef = D07875602EB1B9FB00C75A43 /* KeyboardNavigationModifier.swift */; };
		D07875632EB1B9FB00C75A43 /* AttachmentsView.swift in Sources */ = {isa = PBXBuildFile; fileRef = D078755E2EB1B9FB00C75A43 /* AttachmentsView.swift */; };
		D07875642EB1B9FB00C75A43 /* SavedSearchesView.swift in Sources */ = {isa = PBXBuildFile; fileRef = D07875612EB1B9FB00C75A43 /* SavedSearchesView.swift */; };
		D07875652EB1B9FB00C75A43 /* DuplicatesView.swift in Sources */ = {isa = PBXBuildFile; fileRef = D078755F2EB1B9FB00C75A43 /* DuplicatesView.swift */; };
		D07875672EB1BA0F00C75A43 /* AttachmentManager.swift in Sources */ = {isa = PBXBuildFile; fileRef = D07875662EB1BA0F00C75A43 /* AttachmentManager.swift */; };
		D07875692EB1BA1900C75A43 /* SearchHistoryManager.swift in Sources */ = {isa = PBXBuildFile; fileRef = D07875682EB1BA1900C75A43 /* SearchHistoryManager.swift */; };
		D078756D2EB1C17800C75A43 /* AnalyticsView.swift in Sources */ = {isa = PBXBuildFile; fileRef = D078756A2EB1C17800C75A43 /* AnalyticsView.swift */; };
		D078756E2EB1C17800C75A43 /* QuickOpenView.swift in Sources */ = {isa = PBXBuildFile; fileRef = D078756C2EB1C17800C75A43 /* QuickOpenView.swift */; };
		D078756F2EB1C17800C75A43 /* MboxOperationsView.swift in Sources */ = {isa = PBXBuildFile; fileRef = D078756B2EB1C17800C75A43 /* MboxOperationsView.swift */; };
		D07875722EB1C18D00C75A43 /* AnalyticsEngine.swift in Sources */ = {isa = PBXBuildFile; fileRef = D07875702EB1C18D00C75A43 /* AnalyticsEngine.swift */; };
		D07875732EB1C18D00C75A43 /* ExportPresetManager.swift in Sources */ = {isa = PBXBuildFile; fileRef = D07875712EB1C18D00C75A43 /* ExportPresetManager.swift */; };
		D07875762EB1C19C00C75A43 /* TextHighlighter.swift in Sources */ = {isa = PBXBuildFile; fileRef = D07875752EB1C19C00C75A43 /* TextHighlighter.swift */; };
		D07875772EB1C19C00C75A43 /* MboxFileOperations.swift in Sources */ = {isa = PBXBuildFile; fileRef = D07875742EB1C19C00C75A43 /* MboxFileOperations.swift */; };
		D078757A2EB1C2F500C75A43 /* EmailComparisonView.swift in Sources */ = {isa = PBXBuildFile; fileRef = D07875782EB1C2F500C75A43 /* EmailComparisonView.swift */; };
		D078757B2EB1C2F500C75A43 /* ExportPresetsView.swift in Sources */ = {isa = PBXBuildFile; fileRef = D07875792EB1C2F500C75A43 /* ExportPresetsView.swift */; };
		D078757D2EB1C32500C75A43 /* RegexSearchView.swift in Sources */ = {isa = PBXBuildFile; fileRef = D078757C2EB1C32500C75A43 /* RegexSearchView.swift */; };
		D078757F2EB1C3DE00C75A43 /* RedactionToolView.swift in Sources */ = {isa = PBXBuildFile; fileRef = D078757E2EB1C3DE00C75A43 /* RedactionToolView.swift */; };
		D07875812EB1C45300C75A43 /* ThemeSettingsView.swift in Sources */ = {isa = PBXBuildFile; fileRef = D07875802EB1C45300C75A43 /* ThemeSettingsView.swift */; };
		D07875832EB1C4AE00C75A43 /* DragDropModifier.swift in Sources */ = {isa = PBXBuildFile; fileRef = D07875822EB1C4AE00C75A43 /* DragDropModifier.swift */; };
		D07875862EB1C4C100C75A43 /* PIIRedactor.swift in Sources */ = {isa = PBXBuildFile; fileRef = D07875842EB1C4C100C75A43 /* PIIRedactor.swift */; };
		D07875872EB1C4C100C75A43 /* ThemeManager.swift in Sources */ = {isa = PBXBuildFile; fileRef = D07875852EB1C4C100C75A43 /* ThemeManager.swift */; };
		D07875892EB1C54C00C75A43 /* ThreeColumnLayoutView.swift in Sources */ = {isa = PBXBuildFile; fileRef = D07875882EB1C54C00C75A43 /* ThreeColumnLayoutView.swift */; };
		D14768EF35BF6A052A83352A /* PatternDetector.swift in Sources */ = {isa = PBXBuildFile; fileRef = 577366331045422A9C7E3502 /* PatternDetector.swift */; };
		D8904F77CE2555AEAAD0E03C /* AskView.swift in Sources */ = {isa = PBXBuildFile; fileRef = 1DA6206E86CAEFE924E9D19C /* AskView.swift */; };
		DD1A48BFF267442DFFC74D45 /* AI/Embeddings/AppleNLEmbeddingProvider.swift in Sources */ = {isa = PBXBuildFile; fileRef = A1FA2637E2AC4B38E3A4145E /* AI/Embeddings/AppleNLEmbeddingProvider.swift */; };
		E4A2C652D0EE51C645582730 /* SentimentAnalyzer.swift in Sources */ = {isa = PBXBuildFile; fileRef = 7A626555D09AC8D8B0588A12 /* SentimentAnalyzer.swift */; };
		E827EF6D575C4A1D19DA5712 /* AI/FoundationModels/EvalHarness.swift in Sources */ = {isa = PBXBuildFile; fileRef = 901C11A65E827B4A2FD75FF2 /* AI/FoundationModels/EvalHarness.swift */; };
		EMB001010000000000000001 /* EmbeddingProvider.swift in Sources */ = {isa = PBXBuildFile; fileRef = EMB002010000000000000001 /* EmbeddingProvider.swift */; };
		EMB001020000000000000001 /* OllamaEmbeddingProvider.swift in Sources */ = {isa = PBXBuildFile; fileRef = EMB002020000000000000001 /* OllamaEmbeddingProvider.swift */; };
		EMB001040000000000000001 /* OpenAIEmbeddingProvider.swift in Sources */ = {isa = PBXBuildFile; fileRef = EMB002040000000000000001 /* OpenAIEmbeddingProvider.swift */; };
		F0133457F92D333CCAA3E635 /* AI/Embeddings/OpenAICompatibleEmbeddingProvider.swift in Sources */ = {isa = PBXBuildFile; fileRef = 8B33E1876AFA33FBA6F64744 /* AI/Embeddings/OpenAICompatibleEmbeddingProvider.swift */; };
		F3EAF0ED2BD9E12067C2879F /* AI/FoundationModels/LLMEngine.swift in Sources */ = {isa = PBXBuildFile; fileRef = A723031B9C1E0CE18B1D9CC7 /* AI/FoundationModels/LLMEngine.swift */; };
		F9C2F929F356DB18CE9FBA36 /* AI/VectorDatabase.swift in Sources */ = {isa = PBXBuildFile; fileRef = 3533E5F905952EC4B14E8BD9 /* AI/VectorDatabase.swift */; };
		MB0000010000000000000001 /* MBox_ExplorerApp.swift in Sources */ = {isa = PBXBuildFile; fileRef = MB0000020000000000000001 /* MBox_ExplorerApp.swift */; };
		MB0000030000000000000001 /* ContentView.swift in Sources */ = {isa = PBXBuildFile; fileRef = MB0000040000000000000001 /* ContentView.swift */; };
		MB0000050000000000000001 /* SidebarView.swift in Sources */ = {isa = PBXBuildFile; fileRef = MB0000060000000000000001 /* SidebarView.swift */; };
		MB0000070000000000000001 /* EmailListView.swift in Sources */ = {isa = PBXBuildFile; fileRef = MB0000080000000000000001 /* EmailListView.swift */; };
		MB0000090000000000000001 /* EmailDetailView.swift in Sources */ = {isa = PBXBuildFile; fileRef = MB0000100000000000000001 /* EmailDetailView.swift */; };
		MB0000110000000000000001 /* ExportOptionsView.swift in Sources */ = {isa = PBXBuildFile; fileRef = MB0000120000000000000001 /* ExportOptionsView.swift */; };
		MB0000130000000000000001 /* ToolbarCommands.swift in Sources */ = {isa = PBXBuildFile; fileRef = MB0000140000000000000001 /* ToolbarCommands.swift */; };
		MB0000150000000000000001 /* Email.swift in Sources */ = {isa = PBXBuildFile; fileRef = MB0000160000000000000001 /* Email.swift */; };
		MB0000170000000000000001 /* MboxParser.swift in Sources */ = {isa = PBXBuildFile; fileRef = MB0000180000000000000001 /* MboxParser.swift */; };
		MB0000190000000000000001 /* MboxViewModel.swift in Sources */ = {isa = PBXBuildFile; fileRef = MB0000200000000000000001 /* MboxViewModel.swift */; };
		MB0000210000000000000001 /* TextProcessor.swift in Sources */ = {isa = PBXBuildFile; fileRef = MB0000220000000000000001 /* TextProcessor.swift */; };
		MB0000230000000000000001 /* ExportEngine.swift in Sources */ = {isa = PBXBuildFile; fileRef = MB0000240000000000000001 /* ExportEngine.swift */; };
		MB0000250000000000000001 /* Assets.xcassets in Resources */ = {isa = PBXBuildFile; fileRef = MB0000260000000000000001 /* Assets.xcassets */; };
		MB0000470000000000000001 /* RecentFilesManager.swift in Sources */ = {isa = PBXBuildFile; fileRef = MB0000480000000000000001 /* RecentFilesManager.swift */; };
		MB0000490000000000000001 /* ProgressView.swift in Sources */ = {isa = PBXBuildFile; fileRef = MB0000500000000000000001 /* ProgressView.swift */; };
		NF100001000000000000001 /* ThreadSummarizer.swift in Sources */ = {isa = PBXBuildFile; fileRef = NF200001000000000000001 /* ThreadSummarizer.swift */; };
		NF100002000000000000001 /* ActionItemExtractor.swift in Sources */ = {isa = PBXBuildFile; fileRef = NF200002000000000000001 /* ActionItemExtractor.swift */; };
		NF100003000000000000001 /* PersonProfileGenerator.swift in Sources */ = {isa = PBXBuildFile; fileRef = NF200003000000000000001 /* PersonProfileGenerator.swift */; };
		NF100004000000000000001 /* TopicClustering.swift in Sources */ = {isa = PBXBuildFile; fileRef = NF200004000000000000001 /* TopicClustering.swift */; };
		NF100005000000000000001 /* AttachmentSearcher.swift in Sources */ = {isa = PBXBuildFile; fileRef = NF200005000000000000001 /* AttachmentSearcher.swift */; };
		NF100006000000000000001 /* NaturalLanguageFilter.swift in Sources */ = {isa = PBXBuildFile; fileRef = NF200006000000000000001 /* NaturalLanguageFilter.swift */; };
		NF100007000000000000001 /* SimilarEmailFinder.swift in Sources */ = {isa = PBXBuildFile; fileRef = NF200007000000000000001 /* SimilarEmailFinder.swift */; };
		NF100008000000000000001 /* ThreatDetector.swift in Sources */ = {isa = PBXBuildFile; fileRef = NF200008000000000000001 /* ThreatDetector.swift */; };
		NF100009000000000000001 /* EmailForensics.swift in Sources */ = {isa = PBXBuildFile; fileRef = NF200009000000000000001 /* EmailForensics.swift */; };
		NF100010000000000000001 /* TimelineView.swift in Sources */ = {isa = PBXBuildFile; fileRef = NF200010000000000000001 /* TimelineView.swift */; };
		NF100011000000000000001 /* HeatmapView.swift in Sources */ = {isa = PBXBuildFile; fileRef = NF200011000000000000001 /* HeatmapView.swift */; };
		NF100012000000000000001 /* WordCloudView.swift in Sources */ = {isa = PBXBuildFile; fileRef = NF200012000000000000001 /* WordCloudView.swift */; };
		NF100013000000000000001 /* TagsCollectionsView.swift in Sources */ = {isa = PBXBuildFile; fileRef = NF200013000000000000001 /* TagsCollectionsView.swift */; };
		NF100014000000000000001 /* CommandPaletteView.swift in Sources */ = {isa = PBXBuildFile; fileRef = NF200014000000000000001 /* CommandPaletteView.swift */; };
		NF100015000000000000001 /* TagManager.swift in Sources */ = {isa = PBXBuildFile; fileRef = NF200015000000000000001 /* TagManager.swift */; };
		NF100016000000000000001 /* MultiFormatImporter.swift in Sources */ = {isa = PBXBuildFile; fileRef = NF200016000000000000001 /* MultiFormatImporter.swift */; };
		NF100017000000000000001 /* MailboxMerger.swift in Sources */ = {isa = PBXBuildFile; fileRef = NF200017000000000000001 /* MailboxMerger.swift */; };
		NF100018000000000000001 /* BackgroundIndexer.swift in Sources */ = {isa = PBXBuildFile; fileRef = NF200018000000000000001 /* BackgroundIndexer.swift */; };
		NF100019000000000000001 /* MultiWindowManager.swift in Sources */ = {isa = PBXBuildFile; fileRef = NF200019000000000000001 /* MultiWindowManager.swift */; };
		NF100020000000000000001 /* RichExporter.swift in Sources */ = {isa = PBXBuildFile; fileRef = NF200020000000000000001 /* RichExporter.swift */; };
		NF100022000000000000001 /* SearchHistory.swift in Sources */ = {isa = PBXBuildFile; fileRef = NF200022000000000000001 /* SearchHistory.swift */; };
		NF100023000000000000001 /* EmailStatisticsDashboard.swift in Sources */ = {isa = PBXBuildFile; fileRef = NF200023000000000000001 /* EmailStatisticsDashboard.swift */; };
		NF100024000000000000001 /* SpotlightIntegration.swift in Sources */ = {isa = PBXBuildFile; fileRef = NF200024000000000000001 /* SpotlightIntegration.swift */; };
		NF100025000000000000001 /* BatchOperationsView.swift in Sources */ = {isa = PBXBuildFile; fileRef = NF200025000000000000001 /* BatchOperationsView.swift */; };
		NF100026000000000000001 /* SentimentDashboard.swift in Sources */ = {isa = PBXBuildFile; fileRef = NF200026000000000000001 /* SentimentDashboard.swift */; };
		NF100028000000000000001 /* MeetingEventExtractor.swift in Sources */ = {isa = PBXBuildFile; fileRef = NF200028000000000000001 /* MeetingEventExtractor.swift */; };
		NF100029000000000000001 /* NotificationService.swift in Sources */ = {isa = PBXBuildFile; fileRef = NF200029000000000000001 /* NotificationService.swift */; };
		NF100030000000000000001 /* EmailDiffView.swift in Sources */ = {isa = PBXBuildFile; fileRef = NF200030000000000000001 /* EmailDiffView.swift */; };
		NF100031000000000000001 /* ContactExporter.swift in Sources */ = {isa = PBXBuildFile; fileRef = NF200031000000000000001 /* ContactExporter.swift */; };
		NF100032000000000000001 /* QuickLookPreview.swift in Sources */ = {isa = PBXBuildFile; fileRef = NF200032000000000000001 /* QuickLookPreview.swift */; };
/* End PBXBuildFile section */

/* Begin PBXContainerItemProxy section */
		F6EA3DD9326DA92DF9639E04 /* PBXContainerItemProxy */ = {
			isa = PBXContainerItemProxy;
			containerPortal = MB0000410000000000000001 /* Project object */;
			proxyType = 1;
			remoteGlobalIDString = MB0000370000000000000001;
			remoteInfo = "MBox Explorer";
		};
/* End PBXContainerItemProxy section */

/* Begin PBXFileReference section */
		079E96CC45CDE63932C5618D /* OpenWebUIEmbeddingProvider.swift */ = {isa = PBXFileReference; includeInIndex = 1; lastKnownFileType = sourcecode.swift; name = OpenWebUIEmbeddingProvider.swift; path = AI/Embeddings/OpenWebUIEmbeddingProvider.swift; sourceTree = "<group>"; };
		1A6D6C4E189283A97C610D5E /* Views/ExploreView.swift */ = {isa = PBXFileReference; lastKnownFileType = sourcecode.swift; path = Views/ExploreView.swift; sourceTree = "<group>"; };
		1DA6206E86CAEFE924E9D19C /* AskView.swift */ = {isa = PBXFileReference; includeInIndex = 1; lastKnownFileType = sourcecode.swift; path = AskView.swift; sourceTree = "<group>"; };
		223369644F197D4DC3394945 /* AI/Explore/PersonaSimulator.swift */ = {isa = PBXFileReference; includeInIndex = 1; lastKnownFileType = sourcecode.swift; path = AI/Explore/PersonaSimulator.swift; sourceTree = "<group>"; };
		25ACFE0E46E831D381EB3E35 /* EmailSearchAgent.swift */ = {isa = PBXFileReference; includeInIndex = 1; lastKnownFileType = sourcecode.swift; name = EmailSearchAgent.swift; path = AI/Integration/EmailSearchAgent.swift; sourceTree = "<group>"; };
		2610D3EFB2D5D23FD826606E /* AI/LocalLLM.swift */ = {isa = PBXFileReference; includeInIndex = 1; lastKnownFileType = sourcecode.swift; path = AI/LocalLLM.swift; sourceTree = "<group>"; };
		31636134343139632D346639332D346239352D613261612D /* AISettingsView.swift */ = {isa = PBXFileReference; includeInIndex = 1; lastKnownFileType = sourcecode.swift; path = AISettingsView.swift; sourceTree = "<group>"; };
		33C069D93706A1E5E158C2D2 /* ConversationView.swift */ = {isa = PBXFileReference; includeInIndex = 1; lastKnownFileType = sourcecode.swift; name = ConversationView.swift; path = Views/ConversationView.swift; sourceTree = "<group>"; };
		3533E5F905952EC4B14E8BD9 /* AI/VectorDatabase.swift */ = {isa = PBXFileReference; includeInIndex = 1; lastKnownFileType = sourcecode.swift; path = AI/VectorDatabase.swift; sourceTree = "<group>"; };
		36613561333466622D393563312D343432662D626339392D /* AI/AIBackendManager.swift */ = {isa = PBXFileReference; lastKnownFileType = sourcecode.swift; path = AI/AIBackendManager.swift; sourceTree = "<group>"; };
		38316534653438322D383937622D343030322D626162642D /* AI/OllamaClient.swift */ = {isa = PBXFileReference; includeInIndex = 1; lastKnownFileType = sourcecode.swift; path = AI/OllamaClient.swift; sourceTree = "<group>"; };
		3B07F30ECCC00A122F53B06D /* SmartSuggestions.swift */ = {isa = PBXFileReference; includeInIndex = 1; lastKnownFileType = sourcecode.swift; name = SmartSuggestions.swift; path = AI/Intelligence/SmartSuggestions.swift; sourceTree = "<group>"; };
		3CFA614AC3BD8853D16DB6E9 /* ConversationDatabase.swift */ = {isa = PBXFileReference; includeInIndex = 1; lastKnownFileType = sourcecode.swift; name = ConversationDatabase.swift; path = AI/Conversation/ConversationDatabase.swift; sourceTree = "<group>"; };
		3F0939B03915B3473452DCE4 /* AI/Explore/SpeculativeResponse.swift */ = {isa = PBXFileReference; includeInIndex = 1; lastKnownFileType = sourcecode.swift; path = AI/Explore/SpeculativeResponse.swift; sourceTree = "<group>"; };
		408098289A40C753C412475A /* CommitmentTracker.swift */ = {isa = PBXFileReference; includeInIndex = 1; lastKnownFileType = sourcecode.swift; name = CommitmentTracker.swift; path = AI/Analysis/CommitmentTracker.swift; sourceTree = "<group>"; };
		458153E6299A968CB6583BCA /* ZipExtractor.swift */ = {isa = PBXFileReference; lastKnownFileType = sourcecode.swift; path = ZipExtractor.swift; sourceTree = "<group>"; };
		4CD59F1BF5CEC75B95A34CBD /* AI/EmailSummarizer.swift */ = {isa = PBXFileReference; includeInIndex = 1; lastKnownFileType = sourcecode.swift; path = AI/EmailSummarizer.swift; sourceTree = "<group>"; };
		577366331045422A9C7E3502 /* PatternDetector.swift */ = {isa = PBXFileReference; includeInIndex = 1; lastKnownFileType = sourcecode.swift; name = PatternDetector.swift; path = AI/Intelligence/PatternDetector.swift; sourceTree = "<group>"; };
		577F88E7F9FA3F13649A784B /* AI/Explore/HypotheticalExplorer.swift */ = {isa = PBXFileReference; includeInIndex = 1; lastKnownFileType = sourcecode.swift; path = AI/Explore/HypotheticalExplorer.swift; sourceTree = "<group>"; };
		5DD7DE7FCD9BB82633B7A688 /* AI/FoundationModels/TranscriptChatMapper.swift */ = {isa = PBXFileReference; includeInIndex = 1; lastKnownFileType = sourcecode.swift; path = AI/FoundationModels/TranscriptChatMapper.swift; sourceTree = "<group>"; };
		715C422C0916234B2233911C /* Cocoa.framework */ = {isa = PBXFileReference; lastKnownFileType = wrapper.framework; name = Cocoa.framework; path = Platforms/MacOSX.platform/Developer/SDKs/MacOSX15.0.sdk/System/Library/Frameworks/Cocoa.framework; sourceTree = DEVELOPER_DIR; };
		747630C04E4FCF77DDE62867 /* DecisionArchaeologist.swift */ = {isa = PBXFileReference; includeInIndex = 1; lastKnownFileType = sourcecode.swift; name = DecisionArchaeologist.swift; path = AI/Analysis/DecisionArchaeologist.swift; sourceTree = "<group>"; };
		7A626555D09AC8D8B0588A12 /* SentimentAnalyzer.swift */ = {isa = PBXFileReference; includeInIndex = 1; lastKnownFileType = sourcecode.swift; name = SentimentAnalyzer.swift; path = AI/Analysis/SentimentAnalyzer.swift; sourceTree = "<group>"; };
		831CE551CDE73E24F3F945F0 /* ThreadGraph.swift */ = {isa = PBXFileReference; lastKnownFileType = sourcecode.swift; path = ThreadGraph.swift; sourceTree = "<group>"; };
		87A17940EE91B4170B99259A /* NetworkVisualizationView.swift */ = {isa = PBXFileReference; includeInIndex = 1; lastKnownFileType = sourcecode.swift; path = NetworkVisualizationView.swift; sourceTree = "<group>"; };
		8AA5F738DDF786068D87A404 /* AI/FoundationModels/EchoLLMEngine.swift */ = {isa = PBXFileReference; includeInIndex = 1; lastKnownFileType = sourcecode.swift; path = AI/FoundationModels/EchoLLMEngine.swift; sourceTree = "<group>"; };
		8B33E1876AFA33FBA6F64744 /* AI/Embeddings/OpenAICompatibleEmbeddingProvider.swift */ = {isa = PBXFileReference; includeInIndex = 1; lastKnownFileType = sourcecode.swift; path = AI/Embeddings/OpenAICompatibleEmbeddingProvider.swift; sourceTree = "<group>"; };
		901C11A65E827B4A2FD75FF2 /* AI/FoundationModels/EvalHarness.swift */ = {isa = PBXFileReference; includeInIndex = 1; lastKnownFileType = sourcecode.swift; path = AI/FoundationModels/EvalHarness.swift; sourceTree = "<group>"; };
		9A989BC566E5181DAB386111 /* AI/AutoTagger.swift */ = {isa = PBXFileReference; includeInIndex = 1; lastKnownFileType = sourcecode.swift; path = AI/AutoTagger.swift; sourceTree = "<group>"; };
		9E193CEF63B5CDA85E716A1C /* MBox_ExplorerTests.swift */ = {isa = PBXFileReference; includeInIndex = 1; lastKnownFileType = sourcecode.swift; path = MBox_ExplorerTests.swift; sourceTree = "<group>"; };
		A1B95B6F9F2A4E187B5EF2C4 /* AttachmentExtractor.swift */ = {isa = PBXFileReference; lastKnownFileType = sourcecode.swift; path = AttachmentExtractor.swift; sourceTree = "<group>"; };
		A1FA2637E2AC4B38E3A4145E /* AI/Embeddings/AppleNLEmbeddingProvider.swift */ = {isa = PBXFileReference; includeInIndex = 1; lastKnownFileType = sourcecode.swift; path = AI/Embeddings/AppleNLEmbeddingProvider.swift; sourceTree = "<group>"; };
		A5F4CE25F784349CFA39C493 /* MBox ExplorerTests.xctest */ = {isa = PBXFileReference; explicitFileType = wrapper.cfbundle; includeInIndex = 0; path = "MBox ExplorerTests.xctest"; sourceTree = BUILT_PRODUCTS_DIR; };
		A723031B9C1E0CE18B1D9CC7 /* AI/FoundationModels/LLMEngine.swift */ = {isa = PBXFileReference; includeInIndex = 1; lastKnownFileType = sourcecode.swift; path = AI/FoundationModels/LLMEngine.swift; sourceTree = "<group>"; };
		AC1D23BF3DDCB135FBB559BB /* AtomicFragment.swift */ = {isa = PBXFileReference; lastKnownFileType = sourcecode.swift; path = AtomicFragment.swift; sourceTree = "<group>"; };
		D004E8BC2EB1AA8900304FC0 /* AlertManager.swift */ = {isa = PBXFileReference; lastKnownFileType = sourcecode.swift; path = AlertManager.swift; sourceTree = "<group>"; };
		D004E8BE2EB1AAD300304FC0 /* ErrorDetailsView.swift */ = {isa = PBXFileReference; lastKnownFileType = sourcecode.swift; path = ErrorDetailsView.swift; sourceTree = "<group>"; };
		D004E8BF2EB1AAD300304FC0 /* ExportPreviewView.swift */ = {isa = PBXFileReference; lastKnownFileType = sourcecode.swift; path = ExportPreviewView.swift; sourceTree = "<group>"; };
		D004E8C22EB1AE3C00304FC0 /* SmartFiltersView.swift */ = {isa = PBXFileReference; lastKnownFileType = sourcecode.swift; path = SmartFiltersView.swift; sourceTree = "<group>"; };
		D004E8C42EB1AE5100304FC0 /* SmartFilters.swift */ = {isa = PBXFileReference; lastKnownFileType = sourcecode.swift; path = SmartFilters.swift; sourceTree = "<group>"; };
		D004E8C62EB1B4CC00304FC0 /* CSVExporter.swift */ = {isa = PBXFileReference; lastKnownFileType = sourcecode.swift; path = CSVExporter.swift; sourceTree = "<group>"; };
		D004E8C72EB1B4CC00304FC0 /* JSONExporter.swift */ = {isa = PBXFileReference; lastKnownFileType = sourcecode.swift; path = JSONExporter.swift; sourceTree = "<group>"; };
		D004E8C82EB1B4CC00304FC0 /* MarkdownExporter.swift */ = {isa = PBXFileReference; lastKnownFileType = sourcecode.swift; path = MarkdownExporter.swift; sourceTree = "<group>"; };
		D004E8CC2EB1B4E200304FC0 /* WindowStateManager.swift */ = {isa = PBXFileReference; lastKnownFileType = sourcecode.swift; path = WindowStateManager.swift; sourceTree = "<group>"; };
		D01A68F1AFCB3C03DB4465E1 /* ConversationManager.swift */ = {isa = PBXFileReference; includeInIndex = 1; lastKnownFileType = sourcecode.swift; name = ConversationManager.swift; path = AI/Conversation/ConversationManager.swift; sourceTree = "<group>"; };
		D078755E2EB1B9FB00C75A43 /* AttachmentsView.swift */ = {isa = PBXFileReference; lastKnownFileType = sourcecode.swift; path = AttachmentsView.swift; sourceTree = "<group>"; };
		D078755F2EB1B9FB00C75A43 /* DuplicatesView.swift */ = {isa = PBXFileReference; lastKnownFileType = sourcecode.swift; path = DuplicatesView.swift; sourceTree = "<group>"; };
		D07875602EB1B9FB00C75A43 /* KeyboardNavigationModifier.swift */ = {isa = PBXFileReference; lastKnownFileType = sourcecode.swift; path = KeyboardNavigationModifier.swift; sourceTree = "<group>"; };
		D07875612EB1B9FB00C75A43 /* SavedSearchesView.swift */ = {isa = PBXFileReference; lastKnownFileType = sourcecode.swift; path = SavedSearchesView.swift; sourceTree = "<group>"; };
		D07875662EB1BA0F00C75A43 /* AttachmentManager.swift */ = {isa = PBXFileReference; lastKnownFileType = sourcecode.swift; path = AttachmentManager.swift; sourceTree = "<group>"; };
		D07875682EB1BA1900C75A43 /* SearchHistoryManager.swift */ = {isa = PBXFileReference; lastKnownFileType = sourcecode.swift; path = SearchHistoryManager.swift; sourceTree = "<group>"; };
		D078756A2EB1C17800C75A43 /* AnalyticsView.swift */ = {isa = PBXFileReference; lastKnownFileType = sourcecode.swift; path = AnalyticsView.swift; sourceTree = "<group>"; };
		D078756B2EB1C17800C75A43 /* MboxOperationsView.swift */ = {isa = PBXFileReference; lastKnownFileType = sourcecode.swift; path = MboxOperationsView.swift; sourceTree = "<group>"; };
		D078756C2EB1C17800C75A43 /* QuickOpenView.swift */ = {isa = PBXFileReference; lastKnownFileType = sourcecode.swift; path = QuickOpenView.swift; sourceTree = "<group>"; };
		D07875702EB1C18D00C75A43 /* AnalyticsEngine.swift */ = {isa = PBXFileReference; lastKnownFileType = sourcecode.swift; path = AnalyticsEngine.swift; sourceTree = "<group>"; };
		D07875712EB1C18D00C75A43 /* ExportPresetManager.swift */ = {isa = PBXFileReference; lastKnownFileType = sourcecode.swift; path = ExportPresetManager.swift; sourceTree = "<group>"; };
		D07875742EB1C19C00C75A43 /* MboxFileOperations.swift */ = {isa = PBXFileReference; lastKnownFileType = sourcecode.swift; path = MboxFileOperations.swift; sourceTree = "<group>"; };
		D07875752EB1C19C00C75A43 /* TextHighlighter.swift */ = {isa = PBXFileReference; lastKnownFileType = sourcecode.swift; path = TextHighlighter.swift; sourceTree = "<group>"; };
		D07875782EB1C2F500C75A43 /* EmailComparisonView.swift */ = {isa = PBXFileReference; lastKnownFileType = sourcecode.swift; path = EmailComparisonView.swift; sourceTree = "<group>"; };
		D07875792EB1C2F500C75A43 /* ExportPresetsView.swift */ = {isa = PBXFileReference; lastKnownFileType = sourcecode.swift; path = ExportPresetsView.swift; sourceTree = "<group>"; };
		D078757C2EB1C32500C75A43 /* RegexSearchView.swift */ = {isa = PBXFileReference; lastKnownFileType = sourcecode.swift; path = RegexSearchView.swift; sourceTree = "<group>"; };
		D078757E2EB1C3DE00C75A43 /* RedactionToolView.swift */ = {isa = PBXFileReference; lastKnownFileType = sourcecode.swift; path = RedactionToolView.swift; sourceTree = "<group>"; };
		D07875802EB1C45300C75A43 /* ThemeSettingsView.swift */ = {isa = PBXFileReference; lastKnownFileType = sourcecode.swift; path = ThemeSettingsView.swift; sourceTree = "<group>"; };
		D07875822EB1C4AE00C75A43 /* DragDropModifier.swift */ = {isa = PBXFileReference; lastKnownFileType = sourcecode.swift; path = DragDropModifier.swift; sourceTree = "<group>"; };
		D07875842EB1C4C100C75A43 /* PIIRedactor.swift */ = {isa = PBXFileReference; lastKnownFileType = sourcecode.swift; path = PIIRedactor.swift; sourceTree = "<group>"; };
		D07875852EB1C4C100C75A43 /* ThemeManager.swift */ = {isa = PBXFileReference; lastKnownFileType = sourcecode.swift; path = ThemeManager.swift; sourceTree = "<group>"; };
		D07875882EB1C54C00C75A43 /* ThreeColumnLayoutView.swift */ = {isa = PBXFileReference; lastKnownFileType = sourcecode.swift; path = ThreeColumnLayoutView.swift; sourceTree = "<group>"; };
		D25730EB8C5F369113033564 /* ConversationModels.swift */ = {isa = PBXFileReference; includeInIndex = 1; lastKnownFileType = sourcecode.swift; name = ConversationModels.swift; path = AI/Conversation/ConversationModels.swift; sourceTree = "<group>"; };
		D49684E8221083E6F0CE2A0E /* TinyChatEmbeddingProvider.swift */ = {isa = PBXFileReference; includeInIndex = 1; lastKnownFileType = sourcecode.swift; name = TinyChatEmbeddingProvider.swift; path = AI/Embeddings/TinyChatEmbeddingProvider.swift; sourceTree = "<group>"; };
		D5B3C2D9205F703C1F972B28 /* RelationshipMapper.swift */ = {isa = PBXFileReference; includeInIndex = 1; lastKnownFileType = sourcecode.swift; name = RelationshipMapper.swift; path = AI/Analysis/RelationshipMapper.swift; sourceTree = "<group>"; };
		D846C16D1815B09DD20EE9FF /* AI/FoundationModels/EndpointLanguageModel.swift */ = {isa = PBXFileReference; includeInIndex = 1; lastKnownFileType = sourcecode.swift; path = AI/FoundationModels/EndpointLanguageModel.swift; sourceTree = "<group>"; };
		E2DF1B43B4C4E1D4F74D70C7 /* AI/FoundationModels/OpenAICompatibleEngine.swift */ = {isa = PBXFileReference; includeInIndex = 1; lastKnownFileType = sourcecode.swift; path = AI/FoundationModels/OpenAICompatibleEngine.swift; sourceTree = "<group>"; };
		EMB002010000000000000001 /* EmbeddingProvider.swift */ = {isa = PBXFileReference; includeInIndex = 1; lastKnownFileType = sourcecode.swift; name = EmbeddingProvider.swift; path = AI/Embeddings/EmbeddingProvider.swift; sourceTree = "<group>"; };
		EMB002020000000000000001 /* OllamaEmbeddingProvider.swift */ = {isa = PBXFileReference; includeInIndex = 1; lastKnownFileType = sourcecode.swift; name = OllamaEmbeddingProvider.swift; path = AI/Embeddings/OllamaEmbeddingProvider.swift; sourceTree = "<group>"; };
		EMB002040000000000000001 /* OpenAIEmbeddingProvider.swift */ = {isa = PBXFileReference; includeInIndex = 1; lastKnownFileType = sourcecode.swift; name = OpenAIEmbeddingProvider.swift; path = AI/Embeddings/OpenAIEmbeddingProvider.swift; sourceTree = "<group>"; };
		F051313E92889BBD9CDCB801 /* AI/FoundationModels/CitedAnswer.swift */ = {isa = PBXFileReference; includeInIndex = 1; lastKnownFileType = sourcecode.swift; path = AI/FoundationModels/CitedAnswer.swift; sourceTree = "<group>"; };
		MB0000020000000000000001 /* MBox_ExplorerApp.swift */ = {isa = PBXFileReference; lastKnownFileType = sourcecode.swift; path = MBox_ExplorerApp.swift; sourceTree = "<group>"; };
		MB0000040000000000000001 /* ContentView.swift */ = {isa = PBXFileReference; lastKnownFileType = sourcecode.swift; path = ContentView.swift; sourceTree = "<group>"; };
		MB0000060000000000000001 /* SidebarView.swift */ = {isa = PBXFileReference; lastKnownFileType = sourcecode.swift; path = SidebarView.swift; sourceTree = "<group>"; };
		MB0000080000000000000001 /* EmailListView.swift */ = {isa = PBXFileReference; lastKnownFileType = sourcecode.swift; path = EmailListView.swift; sourceTree = "<group>"; };
		MB0000100000000000000001 /* EmailDetailView.swift */ = {isa = PBXFileReference; lastKnownFileType = sourcecode.swift; path = EmailDetailView.swift; sourceTree = "<group>"; };
		MB0000120000000000000001 /* ExportOptionsView.swift */ = {isa = PBXFileReference; lastKnownFileType = sourcecode.swift; path = ExportOptionsView.swift; sourceTree = "<group>"; };
		MB0000140000000000000001 /* ToolbarCommands.swift */ = {isa = PBXFileReference; lastKnownFileType = sourcecode.swift; path = ToolbarCommands.swift; sourceTree = "<group>"; };
		MB0000160000000000000001 /* Email.swift */ = {isa = PBXFileReference; lastKnownFileType = sourcecode.swift; path = Email.swift; sourceTree = "<group>"; };
		MB0000180000000000000001 /* MboxParser.swift */ = {isa = PBXFileReference; lastKnownFileType = sourcecode.swift; path = MboxParser.swift; sourceTree = "<group>"; };
		MB0000200000000000000001 /* MboxViewModel.swift */ = {isa = PBXFileReference; lastKnownFileType = sourcecode.swift; path = MboxViewModel.swift; sourceTree = "<group>"; };
		MB0000220000000000000001 /* TextProcessor.swift */ = {isa = PBXFileReference; lastKnownFileType = sourcecode.swift; path = TextProcessor.swift; sourceTree = "<group>"; };
		MB0000240000000000000001 /* ExportEngine.swift */ = {isa = PBXFileReference; lastKnownFileType = sourcecode.swift; path = ExportEngine.swift; sourceTree = "<group>"; };
		MB0000260000000000000001 /* Assets.xcassets */ = {isa = PBXFileReference; lastKnownFileType = folder.assetcatalog; path = Assets.xcassets; sourceTree = "<group>"; };
		MB0000270000000000000001 /* MBox Explorer.app */ = {isa = PBXFileReference; explicitFileType = wrapper.application; includeInIndex = 0; path = "MBox Explorer.app"; sourceTree = BUILT_PRODUCTS_DIR; };
		MB0000480000000000000001 /* RecentFilesManager.swift */ = {isa = PBXFileReference; lastKnownFileType = sourcecode.swift; path = RecentFilesManager.swift; sourceTree = "<group>"; };
		MB0000500000000000000001 /* ProgressView.swift */ = {isa = PBXFileReference; lastKnownFileType = sourcecode.swift; path = ProgressView.swift; sourceTree = "<group>"; };
		MD29EAC0C1C9846AF64C0DB3 /* ModernDesign.swift */ = {isa = PBXFileReference; lastKnownFileType = sourcecode.swift; path = ModernDesign.swift; sourceTree = "<group>"; };
		NF200001000000000000001 /* ThreadSummarizer.swift */ = {isa = PBXFileReference; lastKnownFileType = sourcecode.swift; name = ThreadSummarizer.swift; path = AI/Features/ThreadSummarizer.swift; sourceTree = "<group>"; };
		NF200002000000000000001 /* ActionItemExtractor.swift */ = {isa = PBXFileReference; lastKnownFileType = sourcecode.swift; name = ActionItemExtractor.swift; path = AI/Features/ActionItemExtractor.swift; sourceTree = "<group>"; };
		NF200003000000000000001 /* PersonProfileGenerator.swift */ = {isa = PBXFileReference; lastKnownFileType = sourcecode.swift; name = PersonProfileGenerator.swift; path = AI/Features/PersonProfileGenerator.swift; sourceTree = "<group>"; };
		NF200004000000000000001 /* TopicClustering.swift */ = {isa = PBXFileReference; lastKnownFileType = sourcecode.swift; name = TopicClustering.swift; path = AI/Features/TopicClustering.swift; sourceTree = "<group>"; };
		NF200005000000000000001 /* AttachmentSearcher.swift */ = {isa = PBXFileReference; lastKnownFileType = sourcecode.swift; name = AttachmentSearcher.swift; path = AI/Features/AttachmentSearcher.swift; sourceTree = "<group>"; };
		NF200006000000000000001 /* NaturalLanguageFilter.swift */ = {isa = PBXFileReference; lastKnownFileType = sourcecode.swift; name = NaturalLanguageFilter.swift; path = AI/Features/NaturalLanguageFilter.swift; sourceTree = "<group>"; };
		NF200007000000000000001 /* SimilarEmailFinder.swift */ = {isa = PBXFileReference; lastKnownFileType = sourcecode.swift; name = SimilarEmailFinder.swift; path = AI/Features/SimilarEmailFinder.swift; sourceTree = "<group>"; };
		NF200008000000000000001 /* ThreatDetector.swift */ = {isa = PBXFileReference; lastKnownFileType = sourcecode.swift; name = ThreatDetector.swift; path = AI/Features/ThreatDetector.swift; sourceTree = "<group>"; };
		NF200009000000000000001 /* EmailForensics.swift */ = {isa = PBXFileReference; lastKnownFileType = sourcecode.swift; name = EmailForensics.swift; path = AI/Features/EmailForensics.swift; sourceTree = "<group>"; };
		NF200010000000000000001 /* TimelineView.swift */ = {isa = PBXFileReference; lastKnownFileType = sourcecode.swift; name = TimelineView.swift; path = Features/TimelineView.swift; sourceTree = "<group>"; };
		NF200011000000000000001 /* HeatmapView.swift */ = {isa = PBXFileReference; lastKnownFileType = sourcecode.swift; name = HeatmapView.swift; path = Features/HeatmapView.swift; sourceTree = "<group>"; };
		NF200012000000000000001 /* WordCloudView.swift */ = {isa = PBXFileReference; lastKnownFileType = sourcecode.swift; name = WordCloudView.swift; path = Features/WordCloudView.swift; sourceTree = "<group>"; };
		NF200013000000000000001 /* TagsCollectionsView.swift */ = {isa = PBXFileReference; lastKnownFileType = sourcecode.swift; name = TagsCollectionsView.swift; path = Features/TagsCollectionsView.swift; sourceTree = "<group>"; };
		NF200014000000000000001 /* CommandPaletteView.swift */ = {isa = PBXFileReference; lastKnownFileType = sourcecode.swift; name = CommandPaletteView.swift; path = Features/CommandPaletteView.swift; sourceTree = "<group>"; };
		NF200015000000000000001 /* TagManager.swift */ = {isa = PBXFileReference; lastKnownFileType = sourcecode.swift; path = TagManager.swift; sourceTree = "<group>"; };
		NF200016000000000000001 /* MultiFormatImporter.swift */ = {isa = PBXFileReference; lastKnownFileType = sourcecode.swift; path = MultiFormatImporter.swift; sourceTree = "<group>"; };
		NF200017000000000000001 /* MailboxMerger.swift */ = {isa = PBXFileReference; lastKnownFileType = sourcecode.swift; path = MailboxMerger.swift; sourceTree = "<group>"; };
		NF200018000000000000001 /* BackgroundIndexer.swift */ = {isa = PBXFileReference; lastKnownFileType = sourcecode.swift; path = BackgroundIndexer.swift; sourceTree = "<group>"; };
		NF200019000000000000001 /* MultiWindowManager.swift */ = {isa = PBXFileReference; lastKnownFileType = sourcecode.swift; path = MultiWindowManager.swift; sourceTree = "<group>"; };
		NF200020000000000000001 /* RichExporter.swift */ = {isa = PBXFileReference; lastKnownFileType = sourcecode.swift; path = RichExporter.swift; sourceTree = "<group>"; };
		NF200022000000000000001 /* SearchHistory.swift */ = {isa = PBXFileReference; lastKnownFileType = sourcecode.swift; path = SearchHistory.swift; sourceTree = "<group>"; };
		NF200023000000000000001 /* EmailStatisticsDashboard.swift */ = {isa = PBXFileReference; lastKnownFileType = sourcecode.swift; name = EmailStatisticsDashboard.swift; path = Features/EmailStatisticsDashboard.swift; sourceTree = "<group>"; };
		NF200024000000000000001 /* SpotlightIntegration.swift */ = {isa = PBXFileReference; lastKnownFileType = sourcecode.swift; path = SpotlightIntegration.swift; sourceTree = "<group>"; };
		NF200025000000000000001 /* BatchOperationsView.swift */ = {isa = PBXFileReference; lastKnownFileType = sourcecode.swift; name = BatchOperationsView.swift; path = Features/BatchOperationsView.swift; sourceTree = "<group>"; };
		NF200026000000000000001 /* SentimentDashboard.swift */ = {isa = PBXFileReference; lastKnownFileType = sourcecode.swift; name = SentimentDashboard.swift; path = AI/Features/SentimentDashboard.swift; sourceTree = "<group>"; };
		NF200028000000000000001 /* MeetingEventExtractor.swift */ = {isa = PBXFileReference; lastKnownFileType = sourcecode.swift; name = MeetingEventExtractor.swift; path = AI/Features/MeetingEventExtractor.swift; sourceTree = "<group>"; };
		NF200029000000000000001 /* NotificationService.swift */ = {isa = PBXFileReference; lastKnownFileType = sourcecode.swift; path = NotificationService.swift; sourceTree = "<group>"; };
		NF200030000000000000001 /* EmailDiffView.swift */ = {isa = PBXFileReference; lastKnownFileType = sourcecode.swift; name = EmailDiffView.swift; path = Features/EmailDiffView.swift; sourceTree = "<group>"; };
		NF200031000000000000001 /* ContactExporter.swift */ = {isa = PBXFileReference; lastKnownFileType = sourcecode.swift; path = ContactExporter.swift; sourceTree = "<group>"; };
		NF200032000000000000001 /* QuickLookPreview.swift */ = {isa = PBXFileReference; lastKnownFileType = sourcecode.swift; path = QuickLookPreview.swift; sourceTree = "<group>"; };
/* End PBXFileReference section */

/* Begin PBXFrameworksBuildPhase section */
		614781FA02DD6763ED83F129 /* Frameworks */ = {
			isa = PBXFrameworksBuildPhase;
			buildActionMask = 2147483647;
			files = (
				7336AEFE6B1ED83EACCA7299 /* Cocoa.framework in Frameworks */,
			);
			runOnlyForDeploymentPostprocessing = 0;
		};
		MB0000280000000000000001 /* Frameworks */ = {
			isa = PBXFrameworksBuildPhase;
			buildActionMask = 2147483647;
			files = (
			);
			runOnlyForDeploymentPostprocessing = 0;
		};
/* End PBXFrameworksBuildPhase section */

/* Begin PBXGroup section */
		54503A623328C982A327062B /* AI */ = {
			isa = PBXGroup;
			children = (
				577F88E7F9FA3F13649A784B /* AI/Explore/HypotheticalExplorer.swift */,
				223369644F197D4DC3394945 /* AI/Explore/PersonaSimulator.swift */,
				3F0939B03915B3473452DCE4 /* AI/Explore/SpeculativeResponse.swift */,
				901C11A65E827B4A2FD75FF2 /* AI/FoundationModels/EvalHarness.swift */,
				F051313E92889BBD9CDCB801 /* AI/FoundationModels/CitedAnswer.swift */,
				A723031B9C1E0CE18B1D9CC7 /* AI/FoundationModels/LLMEngine.swift */,
				D846C16D1815B09DD20EE9FF /* AI/FoundationModels/EndpointLanguageModel.swift */,
				5DD7DE7FCD9BB82633B7A688 /* AI/FoundationModels/TranscriptChatMapper.swift */,
				8AA5F738DDF786068D87A404 /* AI/FoundationModels/EchoLLMEngine.swift */,
				E2DF1B43B4C4E1D4F74D70C7 /* AI/FoundationModels/OpenAICompatibleEngine.swift */,
				3533E5F905952EC4B14E8BD9 /* AI/VectorDatabase.swift */,
				2610D3EFB2D5D23FD826606E /* AI/LocalLLM.swift */,
				38316534653438322D383937622D343030322D626162642D /* AI/OllamaClient.swift */,
				36613561333466622D393563312D343432662D626339392D /* AI/AIBackendManager.swift */,
				4CD59F1BF5CEC75B95A34CBD /* AI/EmailSummarizer.swift */,
				9A989BC566E5181DAB386111 /* AI/AutoTagger.swift */,
				A038E172388D07B9E7EB23ED /* Conversation */,
				56D930EA56AFE7611177F548 /* Analysis */,
				D87970D6F05B3258CDDD530B /* Intelligence */,
				F151225335B055EE327A55C3 /* Advanced */,
				ACD84A2E903D00EEA83ED620 /* Integration */,
				EMB003000000000000000001 /* Embeddings */,
				NF300000000000000000001 /* Features */,
			);
			name = AI;
			sourceTree = "<group>";
		};
		56D930EA56AFE7611177F548 /* Analysis */ = {
			isa = PBXGroup;
			children = (
				D5B3C2D9205F703C1F972B28 /* RelationshipMapper.swift */,
				7A626555D09AC8D8B0588A12 /* SentimentAnalyzer.swift */,
				408098289A40C753C412475A /* CommitmentTracker.swift */,
				747630C04E4FCF77DDE62867 /* DecisionArchaeologist.swift */,
			);
			name = Analysis;
			sourceTree = "<group>";
		};
		57D57F920B77932FAEC384E2 /* MBox ExplorerTests */ = {
			isa = PBXGroup;
			children = (
				9E193CEF63B5CDA85E716A1C /* MBox_ExplorerTests.swift */,
			);
			path = "MBox ExplorerTests";
			sourceTree = "<group>";
		};
		A038E172388D07B9E7EB23ED /* Conversation */ = {
			isa = PBXGroup;
			children = (
				D25730EB8C5F369113033564 /* ConversationModels.swift */,
				3CFA614AC3BD8853D16DB6E9 /* ConversationDatabase.swift */,
				D01A68F1AFCB3C03DB4465E1 /* ConversationManager.swift */,
				33C069D93706A1E5E158C2D2 /* ConversationView.swift */,
				1A6D6C4E189283A97C610D5E /* Views/ExploreView.swift */,
			);
			name = Conversation;
			sourceTree = "<group>";
		};
		A7443040A6E7DF98D56D58BC /* Frameworks */ = {
			isa = PBXGroup;
			children = (
				CC974A7311A16EC93186FEEC /* OS X */,
			);
			name = Frameworks;
			sourceTree = "<group>";
		};
		ACD84A2E903D00EEA83ED620 /* Integration */ = {
			isa = PBXGroup;
			children = (
				25ACFE0E46E831D381EB3E35 /* EmailSearchAgent.swift */,
			);
			name = Integration;
			sourceTree = "<group>";
		};
		B6AE4F6F079CBEA5FF43DBD7 /* AICapabilities */ = {
			isa = PBXGroup;
			children = (
			);
			name = AICapabilities;
			sourceTree = "<group>";
		};
		C7A270A06C6F2802B6C6D7B9 /* AI */ = {
			isa = PBXGroup;
			children = (
			);
			name = AI;
			path = "MBox Explorer/AI";
			sourceTree = "<group>";
		};
		CC974A7311A16EC93186FEEC /* OS X */ = {
			isa = PBXGroup;
			children = (
				715C422C0916234B2233911C /* Cocoa.framework */,
			);
			name = "OS X";
			sourceTree = "<group>";
		};
		D87970D6F05B3258CDDD530B /* Intelligence */ = {
			isa = PBXGroup;
			children = (
				3B07F30ECCC00A122F53B06D /* SmartSuggestions.swift */,
				577366331045422A9C7E3502 /* PatternDetector.swift */,
			);
			name = Intelligence;
			sourceTree = "<group>";
		};
		EMB003000000000000000001 /* Embeddings */ = {
			isa = PBXGroup;
			children = (
				A1FA2637E2AC4B38E3A4145E /* AI/Embeddings/AppleNLEmbeddingProvider.swift */,
				8B33E1876AFA33FBA6F64744 /* AI/Embeddings/OpenAICompatibleEmbeddingProvider.swift */,
				EMB002010000000000000001 /* EmbeddingProvider.swift */,
				EMB002020000000000000001 /* OllamaEmbeddingProvider.swift */,
				EMB002040000000000000001 /* OpenAIEmbeddingProvider.swift */,
				D49684E8221083E6F0CE2A0E /* TinyChatEmbeddingProvider.swift */,
				079E96CC45CDE63932C5618D /* OpenWebUIEmbeddingProvider.swift */,
			);
			name = Embeddings;
			sourceTree = "<group>";
		};
		F151225335B055EE327A55C3 /* Advanced */ = {
			isa = PBXGroup;
			children = (
			);
			name = Advanced;
			sourceTree = "<group>";
		};
		MB0000290000000000000001 = {
			isa = PBXGroup;
			children = (
				MB0000300000000000000001 /* MBox Explorer */,
				MB0000310000000000000001 /* Products */,
				A7443040A6E7DF98D56D58BC /* Frameworks */,
				57D57F920B77932FAEC384E2 /* MBox ExplorerTests */,
			);
			sourceTree = "<group>";
		};
		MB0000300000000000000001 /* MBox Explorer */ = {
			isa = PBXGroup;
			children = (
				MB0000020000000000000001 /* MBox_ExplorerApp.swift */,
				MB0000320000000000000001 /* Views */,
				MB0000330000000000000001 /* ViewModels */,
				MB0000340000000000000001 /* Models */,
				MB0000350000000000000001 /* Utilities */,
				MB0000360000000000000001 /* Exporters */,
				NF300002000000000000001 /* Importers */,
				NF300003000000000000001 /* Services */,
				WD300001000000000000001 /* Shared */,
				MB0000260000000000000001 /* Assets.xcassets */,
				54503A623328C982A327062B /* AI */,
				C7A270A06C6F2802B6C6D7B9 /* AI */,
				MD29EAC0C1C9846AF64C0DB3 /* ModernDesign.swift */,
				B6AE4F6F079CBEA5FF43DBD7 /* AICapabilities */,
			);
			path = "MBox Explorer";
			sourceTree = "<group>";
		};
		MB0000310000000000000001 /* Products */ = {
			isa = PBXGroup;
			children = (
				MB0000270000000000000001 /* MBox Explorer.app */,
				A5F4CE25F784349CFA39C493 /* MBox ExplorerTests.xctest */,
			);
			name = Products;
			sourceTree = "<group>";
		};
		MB0000320000000000000001 /* Views */ = {
			isa = PBXGroup;
			children = (
				NF300001000000000000001 /* Features */,
				D07875882EB1C54C00C75A43 /* ThreeColumnLayoutView.swift */,
				D07875822EB1C4AE00C75A43 /* DragDropModifier.swift */,
				D07875802EB1C45300C75A43 /* ThemeSettingsView.swift */,
				D078757E2EB1C3DE00C75A43 /* RedactionToolView.swift */,
				D078757C2EB1C32500C75A43 /* RegexSearchView.swift */,
				D07875782EB1C2F500C75A43 /* EmailComparisonView.swift */,
				D07875792EB1C2F500C75A43 /* ExportPresetsView.swift */,
				D078756A2EB1C17800C75A43 /* AnalyticsView.swift */,
				D078756B2EB1C17800C75A43 /* MboxOperationsView.swift */,
				D078756C2EB1C17800C75A43 /* QuickOpenView.swift */,
				D078755E2EB1B9FB00C75A43 /* AttachmentsView.swift */,
				D078755F2EB1B9FB00C75A43 /* DuplicatesView.swift */,
				D07875602EB1B9FB00C75A43 /* KeyboardNavigationModifier.swift */,
				D07875612EB1B9FB00C75A43 /* SavedSearchesView.swift */,
				D004E8C22EB1AE3C00304FC0 /* SmartFiltersView.swift */,
				D004E8BE2EB1AAD300304FC0 /* ErrorDetailsView.swift */,
				D004E8BF2EB1AAD300304FC0 /* ExportPreviewView.swift */,
				MB0000040000000000000001 /* ContentView.swift */,
				MB0000060000000000000001 /* SidebarView.swift */,
				MB0000080000000000000001 /* EmailListView.swift */,
				MB0000100000000000000001 /* EmailDetailView.swift */,
				MB0000120000000000000001 /* ExportOptionsView.swift */,
				MB0000140000000000000001 /* ToolbarCommands.swift */,
				MB0000500000000000000001 /* ProgressView.swift */,
				1DA6206E86CAEFE924E9D19C /* AskView.swift */,
				31636134343139632D346639332D346239352D613261612D /* AISettingsView.swift */,
				87A17940EE91B4170B99259A /* NetworkVisualizationView.swift */,
			);
			path = Views;
			sourceTree = "<group>";
		};
		MB0000330000000000000001 /* ViewModels */ = {
			isa = PBXGroup;
			children = (
				MB0000200000000000000001 /* MboxViewModel.swift */,
			);
			path = ViewModels;
			sourceTree = "<group>";
		};
		MB0000340000000000000001 /* Models */ = {
			isa = PBXGroup;
			children = (
				A1B95B6F9F2A4E187B5EF2C4 /* AttachmentExtractor.swift */,
				AC1D23BF3DDCB135FBB559BB /* AtomicFragment.swift */,
				831CE551CDE73E24F3F945F0 /* ThreadGraph.swift */,
				NF200015000000000000001 /* TagManager.swift */,
				NF200022000000000000001 /* SearchHistory.swift */,
				D07875702EB1C18D00C75A43 /* AnalyticsEngine.swift */,
				D07875712EB1C18D00C75A43 /* ExportPresetManager.swift */,
				D07875662EB1BA0F00C75A43 /* AttachmentManager.swift */,
				D004E8C42EB1AE5100304FC0 /* SmartFilters.swift */,
				D004E8BC2EB1AA8900304FC0 /* AlertManager.swift */,
				MB0000160000000000000001 /* Email.swift */,
				MB0000180000000000000001 /* MboxParser.swift */,
			);
			path = Models;
			sourceTree = "<group>";
		};
		MB0000350000000000000001 /* Utilities */ = {
			isa = PBXGroup;
			children = (
				NF200017000000000000001 /* MailboxMerger.swift */,
				NF200018000000000000001 /* BackgroundIndexer.swift */,
				NF200019000000000000001 /* MultiWindowManager.swift */,
				D07875842EB1C4C100C75A43 /* PIIRedactor.swift */,
				D07875852EB1C4C100C75A43 /* ThemeManager.swift */,
				D07875742EB1C19C00C75A43 /* MboxFileOperations.swift */,
				D07875752EB1C19C00C75A43 /* TextHighlighter.swift */,
				D07875682EB1BA1900C75A43 /* SearchHistoryManager.swift */,
				D004E8CC2EB1B4E200304FC0 /* WindowStateManager.swift */,
				MB0000220000000000000001 /* TextProcessor.swift */,
				MB0000480000000000000001 /* RecentFilesManager.swift */,
			);
			path = Utilities;
			sourceTree = "<group>";
		};
		MB0000360000000000000001 /* Exporters */ = {
			isa = PBXGroup;
			children = (
				NF200020000000000000001 /* RichExporter.swift */,
				D004E8C62EB1B4CC00304FC0 /* CSVExporter.swift */,
				D004E8C72EB1B4CC00304FC0 /* JSONExporter.swift */,
				D004E8C82EB1B4CC00304FC0 /* MarkdownExporter.swift */,
				MB0000240000000000000001 /* ExportEngine.swift */,
			);
			path = Exporters;
			sourceTree = "<group>";
		};
		NF300000000000000000001 /* Features */ = {
			isa = PBXGroup;
			children = (
				NF200001000000000000001 /* ThreadSummarizer.swift */,
				NF200002000000000000001 /* ActionItemExtractor.swift */,
				NF200003000000000000001 /* PersonProfileGenerator.swift */,
				NF200004000000000000001 /* TopicClustering.swift */,
				NF200005000000000000001 /* AttachmentSearcher.swift */,
				NF200006000000000000001 /* NaturalLanguageFilter.swift */,
				NF200007000000000000001 /* SimilarEmailFinder.swift */,
				NF200008000000000000001 /* ThreatDetector.swift */,
				NF200009000000000000001 /* EmailForensics.swift */,
				NF200026000000000000001 /* SentimentDashboard.swift */,
				NF200028000000000000001 /* MeetingEventExtractor.swift */,
			);
			name = Features;
			sourceTree = "<group>";
		};
		NF300001000000000000001 /* Features */ = {
			isa = PBXGroup;
			children = (
				NF200010000000000000001 /* TimelineView.swift */,
				NF200011000000000000001 /* HeatmapView.swift */,
				NF200012000000000000001 /* WordCloudView.swift */,
				NF200013000000000000001 /* TagsCollectionsView.swift */,
				NF200014000000000000001 /* CommandPaletteView.swift */,
				NF200023000000000000001 /* EmailStatisticsDashboard.swift */,
				NF200025000000000000001 /* BatchOperationsView.swift */,
				NF200030000000000000001 /* EmailDiffView.swift */,
			);
			name = Features;
			sourceTree = "<group>";
		};
		NF300002000000000000001 /* Importers */ = {
			isa = PBXGroup;
			children = (
				458153E6299A968CB6583BCA /* ZipExtractor.swift */,
				NF200016000000000000001 /* MultiFormatImporter.swift */,
			);
			path = Importers;
			sourceTree = "<group>";
		};
		NF300003000000000000001 /* Services */ = {
			isa = PBXGroup;
			children = (
				NF200024000000000000001 /* SpotlightIntegration.swift */,
				NF200029000000000000001 /* NotificationService.swift */,
				NF200031000000000000001 /* ContactExporter.swift */,
				NF200032000000000000001 /* QuickLookPreview.swift */,
			);
			path = Services;
			sourceTree = "<group>";
		};
		WD300001000000000000001 /* Shared */ = {
			isa = PBXGroup;
			children = (
			);
			path = Shared;
			sourceTree = "<group>";
		};
/* End PBXGroup section */

/* Begin PBXNativeTarget section */
		D17BC475449ED3A9B85B7E52 /* MBox ExplorerTests */ = {
			isa = PBXNativeTarget;
			buildConfigurationList = 119EECCC53CDA523FF81F98B /* Build configuration list for PBXNativeTarget "MBox ExplorerTests" */;
			buildPhases = (
				7F61D3353ED8D5F5D7B730B8 /* Sources */,
				614781FA02DD6763ED83F129 /* Frameworks */,
				D9EC748F47EB89BE5B18EFD2 /* Resources */,
			);
			buildRules = (
			);
			dependencies = (
				9C30538718C421E0705C28B8 /* PBXTargetDependency */,
			);
			name = "MBox ExplorerTests";
			productName = "MBox ExplorerTests";
			productReference = A5F4CE25F784349CFA39C493 /* MBox ExplorerTests.xctest */;
			productType = "com.apple.product-type.bundle.unit-test";
		};
		MB0000370000000000000001 /* MBox Explorer */ = {
			isa = PBXNativeTarget;
			buildConfigurationList = MB0000380000000000000001 /* Build configuration list for PBXNativeTarget "MBox Explorer" */;
			buildPhases = (
				MB0000390000000000000001 /* Sources */,
				MB0000280000000000000001 /* Frameworks */,
				MB0000400000000000000001 /* Resources */,
			);
			buildRules = (
			);
			dependencies = (
			);
			name = "MBox Explorer";
			packageProductDependencies = (
			);
			productName = "MBox Explorer";
			productReference = MB0000270000000000000001 /* MBox Explorer.app */;
			productType = "com.apple.product-type.application";
		};
/* End PBXNativeTarget section */

/* Begin PBXProject section */
		MB0000410000000000000001 /* Project object */ = {
			isa = PBXProject;
			attributes = {
				BuildIndependentTargetsInParallel = 1;
				LastSwiftUpdateCheck = 1500;
				LastUpgradeCheck = 2600;
				TargetAttributes = {
					MB0000370000000000000001 = {
						CreatedOnToolsVersion = 15.0;
					};
				};
			};
			buildConfigurationList = MB0000420000000000000001 /* Build configuration list for PBXProject "MBox Explorer" */;
			compatibilityVersion = "Xcode 14.0";
			developmentRegion = en;
			hasScannedForEncodings = 0;
			knownRegions = (
				en,
				Base,
			);
			mainGroup = MB0000290000000000000001;
			packageReferences = (
			);
			productRefGroup = MB0000310000000000000001 /* Products */;
			projectDirPath = "";
			projectRoot = "";
			targets = (
				MB0000370000000000000001 /* MBox Explorer */,
				D17BC475449ED3A9B85B7E52 /* MBox ExplorerTests */,
			);
		};
/* End PBXProject section */

/* Begin PBXResourcesBuildPhase section */
		D9EC748F47EB89BE5B18EFD2 /* Resources */ = {
			isa = PBXResourcesBuildPhase;
			buildActionMask = 2147483647;
			files = (
			);
			runOnlyForDeploymentPostprocessing = 0;
		};
		MB0000400000000000000001 /* Resources */ = {
			isa = PBXResourcesBuildPhase;
			buildActionMask = 2147483647;
			files = (
				MB0000250000000000000001 /* Assets.xcassets in Resources */,
			);
			runOnlyForDeploymentPostprocessing = 0;
		};
/* End PBXResourcesBuildPhase section */

/* Begin PBXSourcesBuildPhase section */
		7F61D3353ED8D5F5D7B730B8 /* Sources */ = {
			isa = PBXSourcesBuildPhase;
			buildActionMask = 2147483647;
			files = (
				8C5D0179E7B34164E371A337 /* MBox_ExplorerTests.swift in Sources */,
			);
			runOnlyForDeploymentPostprocessing = 0;
		};
		MB0000390000000000000001 /* Sources */ = {
			isa = PBXSourcesBuildPhase;
			buildActionMask = 2147483647;
			files = (
				1942BFFDFA2C0B4763E1877F /* AttachmentExtractor.swift in Sources */,
				DD1A48BFF267442DFFC74D45 /* AI/Embeddings/AppleNLEmbeddingProvider.swift in Sources */,
				45448947D205D72AD911DB75 /* Views/ExploreView.swift in Sources */,
				42377A21F1A89A0D26188414 /* AI/Explore/HypotheticalExplorer.swift in Sources */,
				7243A558D924F0F32CDCCA6F /* AI/Explore/PersonaSimulator.swift in Sources */,
				40CA67B7C070A77BFE166A49 /* AI/Explore/SpeculativeResponse.swift in Sources */,
				E827EF6D575C4A1D19DA5712 /* AI/FoundationModels/EvalHarness.swift in Sources */,
				407D8FA1382453A44BCBE142 /* AI/FoundationModels/CitedAnswer.swift in Sources */,
				3BC9DEE2E30560C9AF780FB7 /* AtomicFragment.swift in Sources */,
				AAEBEAF5824548F33BE4756C /* ThreadGraph.swift in Sources */,
				B8EDEE56F4032D22EECD4062 /* ZipExtractor.swift in Sources */,
				F0133457F92D333CCAA3E635 /* AI/Embeddings/OpenAICompatibleEmbeddingProvider.swift in Sources */,
				F3EAF0ED2BD9E12067C2879F /* AI/FoundationModels/LLMEngine.swift in Sources */,
				98B3CC93CD924EE94A3286C5 /* AI/FoundationModels/EndpointLanguageModel.swift in Sources */,
				994D2A53FF942799F0F8C77A /* AI/FoundationModels/TranscriptChatMapper.swift in Sources */,
				42D9B0A12FC01FEB6241ECD9 /* AI/FoundationModels/EchoLLMEngine.swift in Sources */,
				BFACFA658F3B7C23FAAFF993 /* AI/FoundationModels/OpenAICompatibleEngine.swift in Sources */,
				MB0000010000000000000001 /* MBox_ExplorerApp.swift in Sources */,
				D07875692EB1BA1900C75A43 /* SearchHistoryManager.swift in Sources */,
				MB0000030000000000000001 /* ContentView.swift in Sources */,
				D07875812EB1C45300C75A43 /* ThemeSettingsView.swift in Sources */,
				D07875722EB1C18D00C75A43 /* AnalyticsEngine.swift in Sources */,
				D078757F2EB1C3DE00C75A43 /* RedactionToolView.swift in Sources */,
				D07875732EB1C18D00C75A43 /* ExportPresetManager.swift in Sources */,
				D07875762EB1C19C00C75A43 /* TextHighlighter.swift in Sources */,
				D078757D2EB1C32500C75A43 /* RegexSearchView.swift in Sources */,
				D078757A2EB1C2F500C75A43 /* EmailComparisonView.swift in Sources */,
				D078757B2EB1C2F500C75A43 /* ExportPresetsView.swift in Sources */,
				D07875832EB1C4AE00C75A43 /* DragDropModifier.swift in Sources */,
				D07875772EB1C19C00C75A43 /* MboxFileOperations.swift in Sources */,
				D004E8BD2EB1AA8900304FC0 /* AlertManager.swift in Sources */,
				MB0000050000000000000001 /* SidebarView.swift in Sources */,
				MB0000070000000000000001 /* EmailListView.swift in Sources */,
				MB0000090000000000000001 /* EmailDetailView.swift in Sources */,
				D004E8C92EB1B4CC00304FC0 /* CSVExporter.swift in Sources */,
				D004E8CA2EB1B4CC00304FC0 /* JSONExporter.swift in Sources */,
				D004E8CB2EB1B4CC00304FC0 /* MarkdownExporter.swift in Sources */,
				MB0000110000000000000001 /* ExportOptionsView.swift in Sources */,
				D07875672EB1BA0F00C75A43 /* AttachmentManager.swift in Sources */,
				D004E8C52EB1AE5100304FC0 /* SmartFilters.swift in Sources */,
				D07875622EB1B9FB00C75A43 /* KeyboardNavigationModifier.swift in Sources */,
				D07875632EB1B9FB00C75A43 /* AttachmentsView.swift in Sources */,
				D07875642EB1B9FB00C75A43 /* SavedSearchesView.swift in Sources */,
				D07875652EB1B9FB00C75A43 /* DuplicatesView.swift in Sources */,
				D004E8CD2EB1B4E200304FC0 /* WindowStateManager.swift in Sources */,
				MB0000130000000000000001 /* ToolbarCommands.swift in Sources */,
				MB0000150000000000000001 /* Email.swift in Sources */,
				MB0000170000000000000001 /* MboxParser.swift in Sources */,
				MB0000190000000000000001 /* MboxViewModel.swift in Sources */,
				MB0000210000000000000001 /* TextProcessor.swift in Sources */,
				MB0000230000000000000001 /* ExportEngine.swift in Sources */,
				D07875892EB1C54C00C75A43 /* ThreeColumnLayoutView.swift in Sources */,
				D004E8C02EB1AAD300304FC0 /* ErrorDetailsView.swift in Sources */,
				D004E8C32EB1AE3C00304FC0 /* SmartFiltersView.swift in Sources */,
				D004E8C12EB1AAD300304FC0 /* ExportPreviewView.swift in Sources */,
				MB0000470000000000000001 /* RecentFilesManager.swift in Sources */,
				MB0000490000000000000001 /* ProgressView.swift in Sources */,
				D07875862EB1C4C100C75A43 /* PIIRedactor.swift in Sources */,
				D07875872EB1C4C100C75A43 /* ThemeManager.swift in Sources */,
				D078756D2EB1C17800C75A43 /* AnalyticsView.swift in Sources */,
				D078756E2EB1C17800C75A43 /* QuickOpenView.swift in Sources */,
				D078756F2EB1C17800C75A43 /* MboxOperationsView.swift in Sources */,
				F9C2F929F356DB18CE9FBA36 /* AI/VectorDatabase.swift in Sources */,
				6410B4804DC11F1C4E12AF26 /* AI/LocalLLM.swift in Sources */,
				35623238323635642D613432662D343039662D623365342D /* AI/OllamaClient.swift in Sources */,
				36336134366232392D636337322D343030352D616562332D /* AI/AIBackendManager.swift in Sources */,
				61396430326536392D316239382D346637352D386133342D /* AISettingsView.swift in Sources */,
				7EC7E7955FB707BAE5BA53F9 /* AI/EmailSummarizer.swift in Sources */,
				C00B2C0479D170F97A8D05F4 /* AI/AutoTagger.swift in Sources */,
				D8904F77CE2555AEAAD0E03C /* AskView.swift in Sources */,
				BA654320B8AE457B9A856B6A /* NetworkVisualizationView.swift in Sources */,
				BD768E39B961495776874418 /* ModernDesign.swift in Sources */,
				8FBC74D4C0911513AFD780F6 /* ConversationModels.swift in Sources */,
				9D789864CBC22747C3237435 /* ConversationDatabase.swift in Sources */,
				3E4788AFC7EA7101FEC886D5 /* ConversationManager.swift in Sources */,
				29A4A2C7786A5F418C391848 /* RelationshipMapper.swift in Sources */,
				E4A2C652D0EE51C645582730 /* SentimentAnalyzer.swift in Sources */,
				050AE07D9F0290A9C9B59841 /* CommitmentTracker.swift in Sources */,
				0ACC5F34C57FEAFED5D7DF30 /* DecisionArchaeologist.swift in Sources */,
				848B971FABD30CB498F9655A /* SmartSuggestions.swift in Sources */,
				D14768EF35BF6A052A83352A /* PatternDetector.swift in Sources */,
				A9149DF9944F63BE246AB2EF /* EmailSearchAgent.swift in Sources */,
				8238508A80546774B50AD050 /* ConversationView.swift in Sources */,
				EMB001010000000000000001 /* EmbeddingProvider.swift in Sources */,
				EMB001020000000000000001 /* OllamaEmbeddingProvider.swift in Sources */,
				EMB001040000000000000001 /* OpenAIEmbeddingProvider.swift in Sources */,
				NF100001000000000000001 /* ThreadSummarizer.swift in Sources */,
				NF100002000000000000001 /* ActionItemExtractor.swift in Sources */,
				NF100003000000000000001 /* PersonProfileGenerator.swift in Sources */,
				NF100004000000000000001 /* TopicClustering.swift in Sources */,
				NF100005000000000000001 /* AttachmentSearcher.swift in Sources */,
				NF100006000000000000001 /* NaturalLanguageFilter.swift in Sources */,
				NF100007000000000000001 /* SimilarEmailFinder.swift in Sources */,
				NF100008000000000000001 /* ThreatDetector.swift in Sources */,
				NF100009000000000000001 /* EmailForensics.swift in Sources */,
				NF100010000000000000001 /* TimelineView.swift in Sources */,
				NF100011000000000000001 /* HeatmapView.swift in Sources */,
				NF100012000000000000001 /* WordCloudView.swift in Sources */,
				NF100013000000000000001 /* TagsCollectionsView.swift in Sources */,
				NF100014000000000000001 /* CommandPaletteView.swift in Sources */,
				NF100015000000000000001 /* TagManager.swift in Sources */,
				NF100016000000000000001 /* MultiFormatImporter.swift in Sources */,
				NF100017000000000000001 /* MailboxMerger.swift in Sources */,
				NF100018000000000000001 /* BackgroundIndexer.swift in Sources */,
				NF100019000000000000001 /* MultiWindowManager.swift in Sources */,
				NF100020000000000000001 /* RichExporter.swift in Sources */,
				NF100022000000000000001 /* SearchHistory.swift in Sources */,
				NF100023000000000000001 /* EmailStatisticsDashboard.swift in Sources */,
				NF100024000000000000001 /* SpotlightIntegration.swift in Sources */,
				NF100025000000000000001 /* BatchOperationsView.swift in Sources */,
				NF100026000000000000001 /* SentimentDashboard.swift in Sources */,
				NF100028000000000000001 /* MeetingEventExtractor.swift in Sources */,
				NF100029000000000000001 /* NotificationService.swift in Sources */,
				NF100030000000000000001 /* EmailDiffView.swift in Sources */,
				NF100031000000000000001 /* ContactExporter.swift in Sources */,
				NF100032000000000000001 /* QuickLookPreview.swift in Sources */,
				162EA02AA9581D8F680F992B /* TinyChatEmbeddingProvider.swift in Sources */,
				31B32F335F40F33687FCD270 /* OpenWebUIEmbeddingProvider.swift in Sources */,
			);
			runOnlyForDeploymentPostprocessing = 0;
		};
/* End PBXSourcesBuildPhase section */

/* Begin PBXTargetDependency section */
		9C30538718C421E0705C28B8 /* PBXTargetDependency */ = {
			isa = PBXTargetDependency;
			name = "MBox Explorer";
			target = MB0000370000000000000001 /* MBox Explorer */;
			targetProxy = F6EA3DD9326DA92DF9639E04 /* PBXContainerItemProxy */;
		};
/* End PBXTargetDependency section */

/* Begin XCBuildConfiguration section */
		B9CAB8E42239D033D24F1139 /* Release */ = {
			isa = XCBuildConfiguration;
			buildSettings = {
				BUNDLE_LOADER = "$(TEST_HOST)";
				CODE_SIGN_STYLE = Automatic;
				DEVELOPMENT_TEAM = QRRCB8HB3W;
				GENERATE_INFOPLIST_FILE = YES;
				INFOPLIST_FILE = "";
				MACOSX_DEPLOYMENT_TARGET = 14.0;
				PRODUCT_BUNDLE_IDENTIFIER = com.digitalnoise.AncientHistory.tests;
				PRODUCT_NAME = "$(TARGET_NAME)";
				SDKROOT = macosx;
				SWIFT_VERSION = 5.0;
				TEST_HOST = "$(BUILT_PRODUCTS_DIR)/MBox Explorer.app/Contents/MacOS/MBox Explorer";
			};
			name = Release;
		};
		BE5490657BC6F9F1E6E75A13 /* Debug */ = {
			isa = XCBuildConfiguration;
			buildSettings = {
				BUNDLE_LOADER = "$(TEST_HOST)";
				CODE_SIGN_STYLE = Automatic;
				DEVELOPMENT_TEAM = QRRCB8HB3W;
				GENERATE_INFOPLIST_FILE = YES;
				INFOPLIST_FILE = "";
				MACOSX_DEPLOYMENT_TARGET = 14.0;
				PRODUCT_BUNDLE_IDENTIFIER = com.digitalnoise.AncientHistory.tests;
				PRODUCT_NAME = "$(TARGET_NAME)";
				SDKROOT = macosx;
				SWIFT_VERSION = 5.0;
				TEST_HOST = "$(BUILT_PRODUCTS_DIR)/MBox Explorer.app/Contents/MacOS/MBox Explorer";
			};
			name = Debug;
		};
		MB0000430000000000000001 /* Debug */ = {
			isa = XCBuildConfiguration;
			buildSettings = {
				ALWAYS_SEARCH_USER_PATHS = NO;
				ASSETCATALOG_COMPILER_APPICON_NAME = AppIcon;
				ASSETCATALOG_COMPILER_GENERATE_SWIFT_ASSET_SYMBOL_EXTENSIONS = YES;
				CLANG_ANALYZER_NONNULL = YES;
				CLANG_ANALYZER_NUMBER_OBJECT_CONVERSION = YES_AGGRESSIVE;
				CLANG_CXX_LANGUAGE_STANDARD = "gnu++20";
				CLANG_ENABLE_MODULES = YES;
				CLANG_ENABLE_OBJC_ARC = YES;
				CLANG_ENABLE_OBJC_WEAK = YES;
				CLANG_WARN_BLOCK_CAPTURE_AUTORELEASING = YES;
				CLANG_WARN_BOOL_CONVERSION = YES;
				CLANG_WARN_COMMA = YES;
				CLANG_WARN_CONSTANT_CONVERSION = YES;
				CLANG_WARN_DEPRECATED_OBJC_IMPLEMENTATIONS = YES;
				CLANG_WARN_DIRECT_OBJC_ISA_USAGE = YES_ERROR;
				CLANG_WARN_DOCUMENTATION_COMMENTS = YES;
				CLANG_WARN_EMPTY_BODY = YES;
				CLANG_WARN_ENUM_CONVERSION = YES;
				CLANG_WARN_INFINITE_RECURSION = YES;
				CLANG_WARN_INT_CONVERSION = YES;
				CLANG_WARN_NON_LITERAL_NULL_CONVERSION = YES;
				CLANG_WARN_OBJC_IMPLICIT_RETAIN_SELF = YES;
				CLANG_WARN_OBJC_LITERAL_CONVERSION = YES;
				CLANG_WARN_OBJC_ROOT_CLASS = YES_ERROR;
				CLANG_WARN_QUOTED_INCLUDE_IN_FRAMEWORK_HEADER = YES;
				CLANG_WARN_RANGE_LOOP_ANALYSIS = YES;
				CLANG_WARN_STRICT_PROTOTYPES = YES;
				CLANG_WARN_SUSPICIOUS_MOVE = YES;
				CLANG_WARN_UNGUARDED_AVAILABILITY = YES_AGGRESSIVE;
				CLANG_WARN_UNREACHABLE_CODE = YES;
				CLANG_WARN__DUPLICATE_METHOD_MATCH = YES;
				COPY_PHASE_STRIP = NO;
				DEAD_CODE_STRIPPING = YES;
				DEBUG_INFORMATION_FORMAT = dwarf;
				ENABLE_STRICT_OBJC_MSGSEND = YES;
				ENABLE_TESTABILITY = YES;
				ENABLE_USER_SCRIPT_SANDBOXING = YES;
				GCC_C_LANGUAGE_STANDARD = gnu17;
				GCC_DYNAMIC_NO_PIC = NO;
				GCC_NO_COMMON_BLOCKS = YES;
				GCC_OPTIMIZATION_LEVEL = 0;
				GCC_PREPROCESSOR_DEFINITIONS = (
					"DEBUG=1",
					"$(inherited)",
				);
				GCC_WARN_64_TO_32_BIT_CONVERSION = YES;
				GCC_WARN_ABOUT_RETURN_TYPE = YES_ERROR;
				GCC_WARN_UNDECLARED_SELECTOR = YES;
				GCC_WARN_UNINITIALIZED_AUTOS = YES_AGGRESSIVE;
				GCC_WARN_UNUSED_FUNCTION = YES;
				GCC_WARN_UNUSED_VARIABLE = YES;
				LOCALIZATION_PREFERS_STRING_CATALOGS = YES;
				MACOSX_DEPLOYMENT_TARGET = 27.0;
				MTL_ENABLE_DEBUG_INFO = INCLUDE_SOURCE;
				MTL_FAST_MATH = YES;
				ONLY_ACTIVE_ARCH = YES;
				SDKROOT = macosx;
				STRING_CATALOG_GENERATE_SYMBOLS = YES;
				SWIFT_ACTIVE_COMPILATION_CONDITIONS = "DEBUG $(inherited)";
				SWIFT_OPTIMIZATION_LEVEL = "-Onone";
			};
			name = Debug;
		};
		MB0000440000000000000001 /* Release */ = {
			isa = XCBuildConfiguration;
			buildSettings = {
				ALWAYS_SEARCH_USER_PATHS = NO;
				ASSETCATALOG_COMPILER_APPICON_NAME = AppIcon;
				ASSETCATALOG_COMPILER_GENERATE_SWIFT_ASSET_SYMBOL_EXTENSIONS = YES;
				CLANG_ANALYZER_NONNULL = YES;
				CLANG_ANALYZER_NUMBER_OBJECT_CONVERSION = YES_AGGRESSIVE;
				CLANG_CXX_LANGUAGE_STANDARD = "gnu++20";
				CLANG_ENABLE_MODULES = YES;
				CLANG_ENABLE_OBJC_ARC = YES;
				CLANG_ENABLE_OBJC_WEAK = YES;
				CLANG_WARN_BLOCK_CAPTURE_AUTORELEASING = YES;
				CLANG_WARN_BOOL_CONVERSION = YES;
				CLANG_WARN_COMMA = YES;
				CLANG_WARN_CONSTANT_CONVERSION = YES;
				CLANG_WARN_DEPRECATED_OBJC_IMPLEMENTATIONS = YES;
				CLANG_WARN_DIRECT_OBJC_ISA_USAGE = YES_ERROR;
				CLANG_WARN_DOCUMENTATION_COMMENTS = YES;
				CLANG_WARN_EMPTY_BODY = YES;
				CLANG_WARN_ENUM_CONVERSION = YES;
				CLANG_WARN_INFINITE_RECURSION = YES;
				CLANG_WARN_INT_CONVERSION = YES;
				CLANG_WARN_NON_LITERAL_NULL_CONVERSION = YES;
				CLANG_WARN_OBJC_IMPLICIT_RETAIN_SELF = YES;
				CLANG_WARN_OBJC_LITERAL_CONVERSION = YES;
				CLANG_WARN_OBJC_ROOT_CLASS = YES_ERROR;
				CLANG_WARN_QUOTED_INCLUDE_IN_FRAMEWORK_HEADER = YES;
				CLANG_WARN_RANGE_LOOP_ANALYSIS = YES;
				CLANG_WARN_STRICT_PROTOTYPES = YES;
				CLANG_WARN_SUSPICIOUS_MOVE = YES;
				CLANG_WARN_UNGUARDED_AVAILABILITY = YES_AGGRESSIVE;
				CLANG_WARN_UNREACHABLE_CODE = YES;
				CLANG_WARN__DUPLICATE_METHOD_MATCH = YES;
				COPY_PHASE_STRIP = NO;
				DEAD_CODE_STRIPPING = YES;
				DEBUG_INFORMATION_FORMAT = "dwarf-with-dsym";
				ENABLE_NS_ASSERTIONS = NO;
				ENABLE_STRICT_OBJC_MSGSEND = YES;
				ENABLE_USER_SCRIPT_SANDBOXING = YES;
				GCC_C_LANGUAGE_STANDARD = gnu17;
				GCC_NO_COMMON_BLOCKS = YES;
				GCC_WARN_64_TO_32_BIT_CONVERSION = YES;
				GCC_WARN_ABOUT_RETURN_TYPE = YES_ERROR;
				GCC_WARN_UNDECLARED_SELECTOR = YES;
				GCC_WARN_UNINITIALIZED_AUTOS = YES_AGGRESSIVE;
				GCC_WARN_UNUSED_FUNCTION = YES;
				GCC_WARN_UNUSED_VARIABLE = YES;
				LOCALIZATION_PREFERS_STRING_CATALOGS = YES;
				MACOSX_DEPLOYMENT_TARGET = 27.0;
				MTL_ENABLE_DEBUG_INFO = NO;
				MTL_FAST_MATH = YES;
				ONLY_ACTIVE_ARCH = NO;
				SDKROOT = macosx;
				STRING_CATALOG_GENERATE_SYMBOLS = YES;
				SWIFT_COMPILATION_MODE = wholemodule;
			};
			name = Release;
		};
		MB0000450000000000000001 /* Debug */ = {
			isa = XCBuildConfiguration;
			buildSettings = {
				ASSETCATALOG_COMPILER_APPICON_NAME = AppIcon;
				CODE_SIGN_ENTITLEMENTS = "MBox Explorer/MBox_Explorer.entitlements";
				"CODE_SIGN_IDENTITY[sdk=macosx*]" = "Apple Development";
				CODE_SIGN_STYLE = Automatic;
				COMBINE_HIDPI_IMAGES = YES;
				CURRENT_PROJECT_VERSION = 3;
				DEAD_CODE_STRIPPING = YES;
				DEVELOPMENT_TEAM = G7W7SLU42F;
				ENABLE_HARDENED_RUNTIME = YES;
				GENERATE_INFOPLIST_FILE = YES;
				INFOPLIST_KEY_CFBundleDisplayName = "Ancient History";
				INFOPLIST_KEY_LSApplicationCategoryType = "public.app-category.productivity";
				INFOPLIST_KEY_NSHumanReadableCopyright = "Copyright © 2025";
				INFOPLIST_KEY_NSPrincipalClass = NSApplication;
				LD_RUNPATH_SEARCH_PATHS = (
					"$(inherited)",
					"@executable_path/../Frameworks",
				);
				MACOSX_DEPLOYMENT_TARGET = 14.0;
				MARKETING_VERSION = 2.3.0;
				PRODUCT_BUNDLE_IDENTIFIER = com.raia.AncientHistory;
				PRODUCT_NAME = "$(TARGET_NAME)";
				SWIFT_EMIT_LOC_STRINGS = YES;
				SWIFT_VERSION = 5.0;
			};
			name = Debug;
		};
		MB0000460000000000000001 /* Release */ = {
			isa = XCBuildConfiguration;
			buildSettings = {
				ASSETCATALOG_COMPILER_APPICON_NAME = AppIcon;
				CODE_SIGN_ENTITLEMENTS = "MBox Explorer/MBox_Explorer.entitlements";
				"CODE_SIGN_IDENTITY[sdk=macosx*]" = "Apple Development";
				CODE_SIGN_STYLE = Automatic;
				COMBINE_HIDPI_IMAGES = YES;
				CURRENT_PROJECT_VERSION = 3;
				DEAD_CODE_STRIPPING = YES;
				DEVELOPMENT_TEAM = G7W7SLU42F;
				ENABLE_HARDENED_RUNTIME = YES;
				GENERATE_INFOPLIST_FILE = YES;
				INFOPLIST_KEY_CFBundleDisplayName = "Ancient History";
				INFOPLIST_KEY_LSApplicationCategoryType = "public.app-category.productivity";
				INFOPLIST_KEY_NSHumanReadableCopyright = "Copyright © 2025";
				INFOPLIST_KEY_NSPrincipalClass = NSApplication;
				LD_RUNPATH_SEARCH_PATHS = (
					"$(inherited)",
					"@executable_path/../Frameworks",
				);
				MACOSX_DEPLOYMENT_TARGET = 14.0;
				MARKETING_VERSION = 2.3.0;
				PRODUCT_BUNDLE_IDENTIFIER = com.raia.AncientHistory;
				PRODUCT_NAME = "$(TARGET_NAME)";
				SWIFT_EMIT_LOC_STRINGS = YES;
				SWIFT_VERSION = 5.0;
			};
			name = Release;
		};
/* End XCBuildConfiguration section */

/* Begin XCConfigurationList section */
		119EECCC53CDA523FF81F98B /* Build configuration list for PBXNativeTarget "MBox ExplorerTests" */ = {
			isa = XCConfigurationList;
			buildConfigurations = (
				B9CAB8E42239D033D24F1139 /* Release */,
				BE5490657BC6F9F1E6E75A13 /* Debug */,
			);
			defaultConfigurationIsVisible = 0;
			defaultConfigurationName = Release;
		};
		MB0000380000000000000001 /* Build configuration list for PBXNativeTarget "MBox Explorer" */ = {
			isa = XCConfigurationList;
			buildConfigurations = (
				MB0000450000000000000001 /* Debug */,
				MB0000460000000000000001 /* Release */,
			);
			defaultConfigurationIsVisible = 0;
			defaultConfigurationName = Release;
		};
		MB0000420000000000000001 /* Build configuration list for PBXProject "MBox Explorer" */ = {
			isa = XCConfigurationList;
			buildConfigurations = (
				MB0000430000000000000001 /* Debug */,
				MB0000440000000000000001 /* Release */,
			);
			defaultConfigurationIsVisible = 0;
			defaultConfigurationName = Release;
		};
/* End XCConfigurationList section */
	};
	rootObject = MB0000410000000000000001 /* Project object */;
}
